
Microsoft Visual Studio Solution File, Format Version 12.00
# Visual Studio 2012
Project("{FAE04EC0-301F-11D3-BF4B-00C04F79EFBC}") = "FabricFrameworkBinding", "FabricFrameworkBinding\FabricFrameworkBinding.csproj", "{C4107750-8529-429A-8D3E-B2AE2599A11C}"
EndProject
Global
	GlobalSection(SolutionConfigurationPlatforms) = preSolution
		Debug|Any CPU = Debug|Any CPU
		Release|Any CPU = Release|Any CPU
	EndGlobalSection
	GlobalSection(ProjectConfigurationPlatforms) = postSolution
		{C4107750-8529-429A-8D3E-B2AE2599A11C}.Debug|Any CPU.ActiveCfg = Debug|Any CPU
		{C4107750-8529-429A-8D3E-B2AE2599A11C}.Debug|Any CPU.Build.0 = Debug|Any CPU
		{C4107750-8529-429A-8D3E-B2AE2599A11C}.Release|Any CPU.ActiveCfg = Release|Any CPU
		{C4107750-8529-429A-8D3E-B2AE2599A11C}.Release|Any CPU.Build.0 = Release|Any CPU
	EndGlobalSection
EndGlobal
